
Microsoft Visual Studio Solution File, Format Version 12.00
# Visual Studio 2012
Project("{FAE04EC0-301F-11D3-BF4B-00C04F79EFBC}") = "KotanTelegramBot.BotInstaller", "KotanTelegramBot.BotInstaller\KotanTelegramBot.BotInstaller.csproj", "{445F62DF-E3DA-4D4F-912C-16CDB2C332EF}"
EndProject
Project("{FAE04EC0-301F-11D3-BF4B-00C04F79EFBC}") = "KotanTelegramBot.FunctionApp", "KotanTelegramBot.FunctionApp\KotanTelegramBot.FunctionApp.csproj", "{159C147A-EB24-49A4-AD6A-BAEA9DD067FC}"
EndProject
Global
	GlobalSection(SolutionConfigurationPlatforms) = preSolution
		Debug|Any CPU = Debug|Any CPU
		Release|Any CPU = Release|Any CPU
	EndGlobalSection
	GlobalSection(ProjectConfigurationPlatforms) = postSolution
		{445F62DF-E3DA-4D4F-912C-16CDB2C332EF}.Debug|Any CPU.ActiveCfg = Debug|Any CPU
		{445F62DF-E3DA-4D4F-912C-16CDB2C332EF}.Debug|Any CPU.Build.0 = Debug|Any CPU
		{445F62DF-E3DA-4D4F-912C-16CDB2C332EF}.Release|Any CPU.ActiveCfg = Release|Any CPU
		{445F62DF-E3DA-4D4F-912C-16CDB2C332EF}.Release|Any CPU.Build.0 = Release|Any CPU
		{159C147A-EB24-49A4-AD6A-BAEA9DD067FC}.Debug|Any CPU.ActiveCfg = Debug|Any CPU
		{159C147A-EB24-49A4-AD6A-BAEA9DD067FC}.Debug|Any CPU.Build.0 = Debug|Any CPU
		{159C147A-EB24-49A4-AD6A-BAEA9DD067FC}.Release|Any CPU.ActiveCfg = Release|Any CPU
		{159C147A-EB24-49A4-AD6A-BAEA9DD067FC}.Release|Any CPU.Build.0 = Release|Any CPU
	EndGlobalSection
EndGlobal
